<?xml version="1.0" encoding="utf-8"?>
<Project ToolsVersion="4.0" xmlns="http://schemas.microsoft.com/developer/msbuild/2003">
  <ItemGroup>
    <Filter Include="Fichiers sources">
      <UniqueIdentifier>{4FC737F1-C7A5-4376-A066-2A32D752A2FF}</UniqueIdentifier>
      <Extensions>cpp;c;cc;cxx;c++;cppm;ixx;def;odl;idl;hpj;bat;asm;asmx</Extensions>
    </Filter>
    <Filter Include="Fichiers d%27en-tête">
      <UniqueIdentifier>{93995380-89BD-4b04-88EB-625FBE52EBFB}</UniqueIdentifier>
      <Extensions>h;hh;hpp;hxx;h++;hm;inl;inc;ipp;xsd</Extensions>
    </Filter>
    <Filter Include="Fichiers de ressources">
      <UniqueIdentifier>{67DA6AB6-F800-4c08-8B7A-83BB121AAD01}</UniqueIdentifier>
      <Extensions>rc;ico;cur;bmp;dlg;rc2;rct;bin;rgs;gif;jpg;jpeg;jpe;resx;tiff;tif;png;wav;mfcribbon-ms</Extensions>
    </Filter>
    <Filter Include="Fichiers externes">
      <UniqueIdentifier>{d5068aa5-9e77-4aaa-824c-10d5a7ee44a2}</UniqueIdentifier>
    </Filter>
    <Filter Include="Fichiers d%27en-tête\Maths">
      <UniqueIdentifier>{1b5ae55a-0d2e-4521-be4d-4a7344f2421b}</UniqueIdentifier>
    </Filter>
    <Filter Include="Fichiers d%27en-tête\Core">
      <UniqueIdentifier>{7a436cae-e879-46ef-9fcb-f79eb11300d6}</UniqueIdentifier>
    </Filter>
    <Filter Include="Fichiers d%27en-tête\Resource">
      <UniqueIdentifier>{0c7791f0-5a6a-4f5e-8bbf-0831279eb3a5}</UniqueIdentifier>
    </Filter>
    <Filter Include="Fichiers sources\Component">
      <UniqueIdentifier>{d07d4011-4beb-45aa-a98b-b11df0116bad}</UniqueIdentifier>
    </Filter>
    <Filter Include="Fichiers sources\Core">
      <UniqueIdentifier>{4481fdbd-e6da-4623-ba34-f111bdea7e2c}</UniqueIdentifier>
    </Filter>
    <Filter Include="Fichiers sources\Resource">
      <UniqueIdentifier>{73a9758d-d866-4adc-8244-e11e0e82c818}</UniqueIdentifier>
    </Filter>
    <Filter Include="Fichiers externes\Assimp">
      <UniqueIdentifier>{86cf7f2c-3c86-4dd3-bb93-e9aa81105b5d}</UniqueIdentifier>
    </Filter>
    <Filter Include="Fichiers sources\Rendering">
      <UniqueIdentifier>{4c3ee403-c5ce-4c26-bf4f-00e0404f094a}</UniqueIdentifier>
    </Filter>
    <Filter Include="Fichiers d%27en-tête\Component">
      <UniqueIdentifier>{095d4814-acc8-4a66-b96b-70ea16749db4}</UniqueIdentifier>
    </Filter>
    <Filter Include="Fichiers sources\Interface">
      <UniqueIdentifier>{324b38eb-add6-41cc-b2ac-a4bbf89c7b4d}</UniqueIdentifier>
    </Filter>
    <Filter Include="Fichiers sources\Interface\Maths">
      <UniqueIdentifier>{eee4fb74-d9e3-477a-b235-761c3b3df1c9}</UniqueIdentifier>
    </Filter>
    <Filter Include="Fichiers d%27en-tête\Scripting">
      <UniqueIdentifier>{4342f067-4dd9-4d0a-ac57-e5ababf0dfa8}</UniqueIdentifier>
    </Filter>
    <Filter Include="Fichiers sources\Scripting">
      <UniqueIdentifier>{b78a84d0-de51-409b-b972-b9b37b74b414}</UniqueIdentifier>
    </Filter>
    <Filter Include="Fichiers d%27en-tête\Serialization">
      <UniqueIdentifier>{0ab9216f-9eb4-42d4-b253-2a60dfee6753}</UniqueIdentifier>
    </Filter>
    <Filter Include="Fichiers sources\PhysX">
      <UniqueIdentifier>{603211ee-040d-42ea-8a75-c96e73544793}</UniqueIdentifier>
    </Filter>
    <Filter Include="Fichiers d%27en-tête\PhysX">
      <UniqueIdentifier>{cd875c34-0d4c-4580-84c1-dd093b219284}</UniqueIdentifier>
    </Filter>
    <Filter Include="Fichiers externes\PhysX">
      <UniqueIdentifier>{25093bd7-a514-4354-aca4-2f5c9d2e0171}</UniqueIdentifier>
    </Filter>
    <Filter Include="Fichiers sources\Cells">
      <UniqueIdentifier>{53497885-1682-4a97-b0eb-9a3a7d97a416}</UniqueIdentifier>
    </Filter>
    <Filter Include="Fichiers d%27en-tête\Cells">
      <UniqueIdentifier>{e04aefe8-b1c4-4334-9a43-aaad2c9262ef}</UniqueIdentifier>
    </Filter>
    <Filter Include="Fichiers d%27en-tête\Picking">
      <UniqueIdentifier>{1acd25f1-bb3b-4e34-b70e-3386bddb4095}</UniqueIdentifier>
    </Filter>
    <Filter Include="Fichiers sources\Serialization">
      <UniqueIdentifier>{afdd0ab2-1029-4166-9f31-55e41b1d6d2d}</UniqueIdentifier>
    </Filter>
    <Filter Include="Fichiers sources\Rendering\Renderpass">
      <UniqueIdentifier>{05193d54-7521-4c8e-b1bc-211e2b57fd4b}</UniqueIdentifier>
    </Filter>
    <Filter Include="Fichiers sources\Rendering\Generator">
      <UniqueIdentifier>{40e61724-b694-4dac-af23-a7b1d61e20e1}</UniqueIdentifier>
    </Filter>
    <Filter Include="Fichiers externes\nvtt">
      <UniqueIdentifier>{f3959fbe-f37a-4750-95ff-f813408a43d3}</UniqueIdentifier>
    </Filter>
    <Filter Include="Fichiers sources\Rendering\Pipeline">
      <UniqueIdentifier>{771c2369-649c-4f8a-88af-df15d8b36069}</UniqueIdentifier>
    </Filter>
    <Filter Include="Fichiers d%27en-tête\Entity">
      <UniqueIdentifier>{58329cb3-d73d-4c08-92c4-36ca53a70d6d}</UniqueIdentifier>
    </Filter>
    <Filter Include="Fichiers sources\Entity">
      <UniqueIdentifier>{60ec3e5f-64a8-463c-984d-a0b0ae0d8e2a}</UniqueIdentifier>
    </Filter>
    <Filter Include="Fichiers d%27en-tête\Rendering\Pipeline">
      <UniqueIdentifier>{dee2d53b-44b3-4ff9-bca8-b54466731a9e}</UniqueIdentifier>
    </Filter>
    <Filter Include="Fichiers d%27en-tête\Rendering">
      <UniqueIdentifier>{634c2c81-51b5-4f0b-b4e2-1625dbd80036}</UniqueIdentifier>
    </Filter>
    <Filter Include="Fichiers d%27en-tête\Rendering\Renderpass">
      <UniqueIdentifier>{afffcb04-38da-4720-bb8b-eb88c35fad49}</UniqueIdentifier>
    </Filter>
    <Filter Include="Fichiers d%27en-tête\Rendering\Generator">
      <UniqueIdentifier>{f4e2d591-1196-4774-b969-80ac6443b808}</UniqueIdentifier>
    </Filter>
    <Filter Include="Fichiers d%27en-tête\Rendering\Pipeline">
      <UniqueIdentifier>{6784c658-a388-408c-889c-bebf3d6edeee}</UniqueIdentifier>
    </Filter>
    <Filter Include="Fichiers sources\Picking">
      <UniqueIdentifier>{0ad23ffb-a465-4f8a-8046-1421fc6db677}</UniqueIdentifier>
    </Filter>
    <Filter Include="Fichiers sources\CSGenerated">
      <UniqueIdentifier>{7345006b-0b31-4718-8917-eafda2e01f1a}</UniqueIdentifier>
    </Filter>
  </ItemGroup>
  <ItemGroup>
    <ClInclude Include="include\maths\matrix3.hpp">
      <Filter>Fichiers d%27en-tête\Maths</Filter>
    </ClInclude>
    <ClInclude Include="include\maths\matrix4.hpp">
      <Filter>Fichiers d%27en-tête\Maths</Filter>
    </ClInclude>
    <ClInclude Include="include\maths\quaternion.hpp">
      <Filter>Fichiers d%27en-tête\Maths</Filter>
    </ClInclude>
    <ClInclude Include="include\maths\vector2.hpp">
      <Filter>Fichiers d%27en-tête\Maths</Filter>
    </ClInclude>
    <ClInclude Include="include\maths\vector3.hpp">
      <Filter>Fichiers d%27en-tête\Maths</Filter>
    </ClInclude>
    <ClInclude Include="include\maths\vector4.hpp">
      <Filter>Fichiers d%27en-tête\Maths</Filter>
    </ClInclude>
    <ClInclude Include="include\maths.hpp">
      <Filter>Fichiers d%27en-tête\Maths</Filter>
    </ClInclude>
    <ClInclude Include="include\cherry_header.hpp">
      <Filter>Fichiers d%27en-tête\Core</Filter>
    </ClInclude>
    <ClInclude Include="include\framework.hpp">
      <Filter>Fichiers d%27en-tête\Core</Filter>
    </ClInclude>
    <ClInclude Include="include\pch.hpp">
      <Filter>Fichiers d%27en-tête\Core</Filter>
    </ClInclude>
    <ClInclude Include="include\material.hpp">
      <Filter>Fichiers d%27en-tête\Resource</Filter>
    </ClInclude>
    <ClInclude Include="include\mesh.hpp">
      <Filter>Fichiers d%27en-tête\Resource</Filter>
    </ClInclude>
    <ClInclude Include="include\model.hpp">
      <Filter>Fichiers d%27en-tête\Resource</Filter>
    </ClInclude>
    <ClInclude Include="include\model_base.hpp">
      <Filter>Fichiers d%27en-tête\Resource</Filter>
    </ClInclude>
    <ClInclude Include="include\model_loader.hpp">
      <Filter>Fichiers d%27en-tête\Resource</Filter>
    </ClInclude>
    <ClInclude Include="include\resource.hpp">
      <Filter>Fichiers d%27en-tête\Resource</Filter>
    </ClInclude>
    <ClInclude Include="include\resource_manager.hpp">
      <Filter>Fichiers d%27en-tête\Resource</Filter>
    </ClInclude>
    <ClInclude Include="include\shader.hpp">
      <Filter>Fichiers d%27en-tête\Resource</Filter>
    </ClInclude>
    <ClInclude Include="include\texture.hpp">
      <Filter>Fichiers d%27en-tête\Resource</Filter>
    </ClInclude>
    <ClInclude Include="include\debug.hpp">
      <Filter>Fichiers d%27en-tête\Core</Filter>
    </ClInclude>
    <ClInclude Include="include\engine.hpp">
      <Filter>Fichiers d%27en-tête\Core</Filter>
    </ClInclude>
    <ClInclude Include="include\transform.hpp">
      <Filter>Fichiers d%27en-tête\Component</Filter>
    </ClInclude>
    <ClInclude Include="externals\include\assimp\aabb.h">
      <Filter>Fichiers externes\Assimp</Filter>
    </ClInclude>
    <ClInclude Include="externals\include\assimp\ai_assert.h">
      <Filter>Fichiers externes\Assimp</Filter>
    </ClInclude>
    <ClInclude Include="externals\include\assimp\anim.h">
      <Filter>Fichiers externes\Assimp</Filter>
    </ClInclude>
    <ClInclude Include="externals\include\assimp\Base64.hpp">
      <Filter>Fichiers externes\Assimp</Filter>
    </ClInclude>
    <ClInclude Include="externals\include\assimp\BaseImporter.h">
      <Filter>Fichiers externes\Assimp</Filter>
    </ClInclude>
    <ClInclude Include="externals\include\assimp\Bitmap.h">
      <Filter>Fichiers externes\Assimp</Filter>
    </ClInclude>
    <ClInclude Include="externals\include\assimp\BlobIOSystem.h">
      <Filter>Fichiers externes\Assimp</Filter>
    </ClInclude>
    <ClInclude Include="externals\include\assimp\ByteSwapper.h">
      <Filter>Fichiers externes\Assimp</Filter>
    </ClInclude>
    <ClInclude Include="externals\include\assimp\camera.h">
      <Filter>Fichiers externes\Assimp</Filter>
    </ClInclude>
    <ClInclude Include="externals\include\assimp\cexport.h">
      <Filter>Fichiers externes\Assimp</Filter>
    </ClInclude>
    <ClInclude Include="externals\include\assimp\cfileio.h">
      <Filter>Fichiers externes\Assimp</Filter>
    </ClInclude>
    <ClInclude Include="externals\include\assimp\cimport.h">
      <Filter>Fichiers externes\Assimp</Filter>
    </ClInclude>
    <ClInclude Include="externals\include\assimp\ColladaMetaData.h">
      <Filter>Fichiers externes\Assimp</Filter>
    </ClInclude>
    <ClInclude Include="externals\include\assimp\color4.h">
      <Filter>Fichiers externes\Assimp</Filter>
    </ClInclude>
    <ClInclude Include="externals\include\assimp\commonMetaData.h">
      <Filter>Fichiers externes\Assimp</Filter>
    </ClInclude>
    <ClInclude Include="externals\include\assimp\config.h">
      <Filter>Fichiers externes\Assimp</Filter>
    </ClInclude>
    <ClInclude Include="externals\include\assimp\CreateAnimMesh.h">
      <Filter>Fichiers externes\Assimp</Filter>
    </ClInclude>
    <ClInclude Include="externals\include\assimp\DefaultIOStream.h">
      <Filter>Fichiers externes\Assimp</Filter>
    </ClInclude>
    <ClInclude Include="externals\include\assimp\DefaultIOSystem.h">
      <Filter>Fichiers externes\Assimp</Filter>
    </ClInclude>
    <ClInclude Include="externals\include\assimp\DefaultLogger.hpp">
      <Filter>Fichiers externes\Assimp</Filter>
    </ClInclude>
    <ClInclude Include="externals\include\assimp\defs.h">
      <Filter>Fichiers externes\Assimp</Filter>
    </ClInclude>
    <ClInclude Include="externals\include\assimp\Exceptional.h">
      <Filter>Fichiers externes\Assimp</Filter>
    </ClInclude>
    <ClInclude Include="externals\include\assimp\Exporter.hpp">
      <Filter>Fichiers externes\Assimp</Filter>
    </ClInclude>
    <ClInclude Include="externals\include\assimp\fast_atof.h">
      <Filter>Fichiers externes\Assimp</Filter>
    </ClInclude>
    <ClInclude Include="externals\include\assimp\GenericProperty.h">
      <Filter>Fichiers externes\Assimp</Filter>
    </ClInclude>
    <ClInclude Include="externals\include\assimp\GltfMaterial.h">
      <Filter>Fichiers externes\Assimp</Filter>
    </ClInclude>
    <ClInclude Include="externals\include\assimp\Hash.h">
      <Filter>Fichiers externes\Assimp</Filter>
    </ClInclude>
    <ClInclude Include="externals\include\assimp\Importer.hpp">
      <Filter>Fichiers externes\Assimp</Filter>
    </ClInclude>
    <ClInclude Include="externals\include\assimp\importerdesc.h">
      <Filter>Fichiers externes\Assimp</Filter>
    </ClInclude>
    <ClInclude Include="externals\include\assimp\IOStream.hpp">
      <Filter>Fichiers externes\Assimp</Filter>
    </ClInclude>
    <ClInclude Include="externals\include\assimp\IOStreamBuffer.h">
      <Filter>Fichiers externes\Assimp</Filter>
    </ClInclude>
    <ClInclude Include="externals\include\assimp\IOSystem.hpp">
      <Filter>Fichiers externes\Assimp</Filter>
    </ClInclude>
    <ClInclude Include="externals\include\assimp\light.h">
      <Filter>Fichiers externes\Assimp</Filter>
    </ClInclude>
    <ClInclude Include="externals\include\assimp\LineSplitter.h">
      <Filter>Fichiers externes\Assimp</Filter>
    </ClInclude>
    <ClInclude Include="externals\include\assimp\LogAux.h">
      <Filter>Fichiers externes\Assimp</Filter>
    </ClInclude>
    <ClInclude Include="externals\include\assimp\Logger.hpp">
      <Filter>Fichiers externes\Assimp</Filter>
    </ClInclude>
    <ClInclude Include="externals\include\assimp\LogStream.hpp">
      <Filter>Fichiers externes\Assimp</Filter>
    </ClInclude>
    <ClInclude Include="externals\include\assimp\material.h">
      <Filter>Fichiers externes\Assimp</Filter>
    </ClInclude>
    <ClInclude Include="externals\include\assimp\MathFunctions.h">
      <Filter>Fichiers externes\Assimp</Filter>
    </ClInclude>
    <ClInclude Include="externals\include\assimp\matrix3x3.h">
      <Filter>Fichiers externes\Assimp</Filter>
    </ClInclude>
    <ClInclude Include="externals\include\assimp\matrix4x4.h">
      <Filter>Fichiers externes\Assimp</Filter>
    </ClInclude>
    <ClInclude Include="externals\include\assimp\MemoryIOWrapper.h">
      <Filter>Fichiers externes\Assimp</Filter>
    </ClInclude>
    <ClInclude Include="externals\include\assimp\mesh.h">
      <Filter>Fichiers externes\Assimp</Filter>
    </ClInclude>
    <ClInclude Include="externals\include\assimp\metadata.h">
      <Filter>Fichiers externes\Assimp</Filter>
    </ClInclude>
    <ClInclude Include="externals\include\assimp\NullLogger.hpp">
      <Filter>Fichiers externes\Assimp</Filter>
    </ClInclude>
    <ClInclude Include="externals\include\assimp\ParsingUtils.h">
      <Filter>Fichiers externes\Assimp</Filter>
    </ClInclude>
    <ClInclude Include="externals\include\assimp\pbrmaterial.h">
      <Filter>Fichiers externes\Assimp</Filter>
    </ClInclude>
    <ClInclude Include="externals\include\assimp\postprocess.h">
      <Filter>Fichiers externes\Assimp</Filter>
    </ClInclude>
    <ClInclude Include="externals\include\assimp\Profiler.h">
      <Filter>Fichiers externes\Assimp</Filter>
    </ClInclude>
    <ClInclude Include="externals\include\assimp\ProgressHandler.hpp">
      <Filter>Fichiers externes\Assimp</Filter>
    </ClInclude>
    <ClInclude Include="externals\include\assimp\qnan.h">
      <Filter>Fichiers externes\Assimp</Filter>
    </ClInclude>
    <ClInclude Include="externals\include\assimp\quaternion.h">
      <Filter>Fichiers externes\Assimp</Filter>
    </ClInclude>
    <ClInclude Include="externals\include\assimp\RemoveComments.h">
      <Filter>Fichiers externes\Assimp</Filter>
    </ClInclude>
    <ClInclude Include="externals\include\assimp\scene.h">
      <Filter>Fichiers externes\Assimp</Filter>
    </ClInclude>
    <ClInclude Include="externals\include\assimp\SceneCombiner.h">
      <Filter>Fichiers externes\Assimp</Filter>
    </ClInclude>
    <ClInclude Include="externals\include\assimp\SGSpatialSort.h">
      <Filter>Fichiers externes\Assimp</Filter>
    </ClInclude>
    <ClInclude Include="externals\include\assimp\SkeletonMeshBuilder.h">
      <Filter>Fichiers externes\Assimp</Filter>
    </ClInclude>
    <ClInclude Include="externals\include\assimp\SmallVector.h">
      <Filter>Fichiers externes\Assimp</Filter>
    </ClInclude>
    <ClInclude Include="externals\include\assimp\SmoothingGroups.h">
      <Filter>Fichiers externes\Assimp</Filter>
    </ClInclude>
    <ClInclude Include="externals\include\assimp\SpatialSort.h">
      <Filter>Fichiers externes\Assimp</Filter>
    </ClInclude>
    <ClInclude Include="externals\include\assimp\StandardShapes.h">
      <Filter>Fichiers externes\Assimp</Filter>
    </ClInclude>
    <ClInclude Include="externals\include\assimp\StreamReader.h">
      <Filter>Fichiers externes\Assimp</Filter>
    </ClInclude>
    <ClInclude Include="externals\include\assimp\StreamWriter.h">
      <Filter>Fichiers externes\Assimp</Filter>
    </ClInclude>
    <ClInclude Include="externals\include\assimp\StringComparison.h">
      <Filter>Fichiers externes\Assimp</Filter>
    </ClInclude>
    <ClInclude Include="externals\include\assimp\StringUtils.h">
      <Filter>Fichiers externes\Assimp</Filter>
    </ClInclude>
    <ClInclude Include="externals\include\assimp\Subdivision.h">
      <Filter>Fichiers externes\Assimp</Filter>
    </ClInclude>
    <ClInclude Include="externals\include\assimp\texture.h">
      <Filter>Fichiers externes\Assimp</Filter>
    </ClInclude>
    <ClInclude Include="externals\include\assimp\TinyFormatter.h">
      <Filter>Fichiers externes\Assimp</Filter>
    </ClInclude>
    <ClInclude Include="externals\include\assimp\types.h">
      <Filter>Fichiers externes\Assimp</Filter>
    </ClInclude>
    <ClInclude Include="externals\include\assimp\vector2.h">
      <Filter>Fichiers externes\Assimp</Filter>
    </ClInclude>
    <ClInclude Include="externals\include\assimp\vector3.h">
      <Filter>Fichiers externes\Assimp</Filter>
    </ClInclude>
    <ClInclude Include="externals\include\assimp\version.h">
      <Filter>Fichiers externes\Assimp</Filter>
    </ClInclude>
    <ClInclude Include="externals\include\assimp\Vertex.h">
      <Filter>Fichiers externes\Assimp</Filter>
    </ClInclude>
    <ClInclude Include="externals\include\assimp\XmlParser.h">
      <Filter>Fichiers externes\Assimp</Filter>
    </ClInclude>
    <ClInclude Include="externals\include\assimp\XMLTools.h">
      <Filter>Fichiers externes\Assimp</Filter>
    </ClInclude>
    <ClInclude Include="externals\include\assimp\ZipArchiveIOSystem.h">
      <Filter>Fichiers externes\Assimp</Filter>
    </ClInclude>
    <ClInclude Include="include\shader_program.hpp">
      <Filter>Fichiers d%27en-tête\Resource</Filter>
    </ClInclude>
    <ClInclude Include="include\scene.hpp">
      <Filter>Fichiers d%27en-tête</Filter>
    </ClInclude>
    <ClInclude Include="include\singleton.hpp">
      <Filter>Fichiers d%27en-tête</Filter>
    </ClInclude>
    <ClInclude Include="include\model_renderer.hpp">
      <Filter>Fichiers d%27en-tête\Component</Filter>
    </ClInclude>
    <ClInclude Include="include\render_manager.hpp">
      <Filter>Fichiers d%27en-tête\Rendering</Filter>
    </ClInclude>
    <ClInclude Include="include\renderer.hpp">
      <Filter>Fichiers d%27en-tête\Rendering</Filter>
    </ClInclude>
    <ClInclude Include="include\cherry_macros.hpp">
      <Filter>Fichiers d%27en-tête\Core</Filter>
    </ClInclude>
    <ClInclude Include="include\camera_component.hpp">
      <Filter>Fichiers d%27en-tête\Component</Filter>
    </ClInclude>
    <ClInclude Include="include\camera.hpp">
      <Filter>Fichiers d%27en-tête\Rendering</Filter>
    </ClInclude>
    <ClInclude Include="include\cubemap.hpp">
      <Filter>Fichiers d%27en-tête\Resource</Filter>
    </ClInclude>
    <ClInclude Include="include\light_component.hpp">
      <Filter>Fichiers d%27en-tête\Component</Filter>
    </ClInclude>
    <ClInclude Include="include\input_manager.hpp">
      <Filter>Fichiers d%27en-tête\Core</Filter>
    </ClInclude>
    <ClInclude Include="include\keycode.hpp">
      <Filter>Fichiers d%27en-tête\Core</Filter>
    </ClInclude>
    <ClInclude Include="include\keyboard_context.hpp">
      <Filter>Fichiers d%27en-tête\Core</Filter>
    </ClInclude>
    <ClInclude Include="externals\include\GLFW\glfw3native.h">
      <Filter>Fichiers externes</Filter>
    </ClInclude>
    <ClInclude Include="externals\include\GLFW\glfw3.h">
      <Filter>Fichiers externes</Filter>
    </ClInclude>
    <ClInclude Include="include\object.hpp">
      <Filter>Fichiers d%27en-tête\Component</Filter>
    </ClInclude>
    <ClInclude Include="include\behaviour.hpp">
      <Filter>Fichiers d%27en-tête\Component</Filter>
    </ClInclude>
    <ClInclude Include="include\scripted_behaviour.hpp">
      <Filter>Fichiers d%27en-tête\Component</Filter>
    </ClInclude>
    <ClInclude Include="include\scene_manager.hpp">
      <Filter>Fichiers d%27en-tête\Core</Filter>
    </ClInclude>
    <ClInclude Include="include\monowrapper.hpp">
      <Filter>Fichiers d%27en-tête\Scripting</Filter>
    </ClInclude>
    <ClInclude Include="include\csscripting_system.hpp">
      <Filter>Fichiers d%27en-tête\Scripting</Filter>
    </ClInclude>
    <ClInclude Include="include\metadata.hpp">
      <Filter>Fichiers d%27en-tête\Serialization</Filter>
    </ClInclude>
    <ClInclude Include="include\callback.hpp">
      <Filter>Fichiers d%27en-tête</Filter>
    </ClInclude>
    <ClInclude Include="include\sound.hpp">
      <Filter>Fichiers d%27en-tête\Resource</Filter>
    </ClInclude>
    <ClInclude Include="include\sound_manager.hpp">
      <Filter>Fichiers d%27en-tête\Core</Filter>
    </ClInclude>
    <ClInclude Include="include\time_manager.hpp">
      <Filter>Fichiers d%27en-tête\Core</Filter>
    </ClInclude>
    <ClInclude Include="include\function.hpp">
      <Filter>Fichiers d%27en-tête</Filter>
    </ClInclude>
    <ClInclude Include="include\threadpool.hpp">
      <Filter>Fichiers d%27en-tête\Core</Filter>
    </ClInclude>
    <ClInclude Include="include\uuid.hpp">
      <Filter>Fichiers d%27en-tête\Core</Filter>
    </ClInclude>
    <ClInclude Include="include\resources_container.hpp">
      <Filter>Fichiers d%27en-tête\Resource</Filter>
    </ClInclude>
    <ClInclude Include="include\physic_manager.hpp">
      <Filter>Fichiers d%27en-tête\PhysX</Filter>
    </ClInclude>
    <ClInclude Include="externals\include\PhysX\characterkinematic\PxBoxController.h">
      <Filter>Fichiers externes\PhysX</Filter>
    </ClInclude>
    <ClInclude Include="externals\include\PhysX\characterkinematic\PxCapsuleController.h">
      <Filter>Fichiers externes\PhysX</Filter>
    </ClInclude>
    <ClInclude Include="externals\include\PhysX\characterkinematic\PxController.h">
      <Filter>Fichiers externes\PhysX</Filter>
    </ClInclude>
    <ClInclude Include="externals\include\PhysX\characterkinematic\PxControllerBehavior.h">
      <Filter>Fichiers externes\PhysX</Filter>
    </ClInclude>
    <ClInclude Include="externals\include\PhysX\characterkinematic\PxControllerManager.h">
      <Filter>Fichiers externes\PhysX</Filter>
    </ClInclude>
    <ClInclude Include="externals\include\PhysX\characterkinematic\PxControllerObstacles.h">
      <Filter>Fichiers externes\PhysX</Filter>
    </ClInclude>
    <ClInclude Include="externals\include\PhysX\characterkinematic\PxExtended.h">
      <Filter>Fichiers externes\PhysX</Filter>
    </ClInclude>
    <ClInclude Include="externals\include\PhysX\collision\PxCollisionDefs.h">
      <Filter>Fichiers externes\PhysX</Filter>
    </ClInclude>
    <ClInclude Include="externals\include\PhysX\common\windows\PxWindowsDelayLoadHook.h">
      <Filter>Fichiers externes\PhysX</Filter>
    </ClInclude>
    <ClInclude Include="externals\include\PhysX\common\PxBase.h">
      <Filter>Fichiers externes\PhysX</Filter>
    </ClInclude>
    <ClInclude Include="externals\include\PhysX\common\PxCollection.h">
      <Filter>Fichiers externes\PhysX</Filter>
    </ClInclude>
    <ClInclude Include="externals\include\PhysX\common\PxCoreUtilityTypes.h">
      <Filter>Fichiers externes\PhysX</Filter>
    </ClInclude>
    <ClInclude Include="externals\include\PhysX\common\PxMetaData.h">
      <Filter>Fichiers externes\PhysX</Filter>
    </ClInclude>
    <ClInclude Include="externals\include\PhysX\common\PxMetaDataFlags.h">
      <Filter>Fichiers externes\PhysX</Filter>
    </ClInclude>
    <ClInclude Include="externals\include\PhysX\common\PxPhysicsInsertionCallback.h">
      <Filter>Fichiers externes\PhysX</Filter>
    </ClInclude>
    <ClInclude Include="externals\include\PhysX\common\PxPhysXCommonConfig.h">
      <Filter>Fichiers externes\PhysX</Filter>
    </ClInclude>
    <ClInclude Include="externals\include\PhysX\common\PxProfileZone.h">
      <Filter>Fichiers externes\PhysX</Filter>
    </ClInclude>
    <ClInclude Include="externals\include\PhysX\common\PxRenderBuffer.h">
      <Filter>Fichiers externes\PhysX</Filter>
    </ClInclude>
    <ClInclude Include="externals\include\PhysX\common\PxSerialFramework.h">
      <Filter>Fichiers externes\PhysX</Filter>
    </ClInclude>
    <ClInclude Include="externals\include\PhysX\common\PxSerializer.h">
      <Filter>Fichiers externes\PhysX</Filter>
    </ClInclude>
    <ClInclude Include="externals\include\PhysX\common\PxStringTable.h">
      <Filter>Fichiers externes\PhysX</Filter>
    </ClInclude>
    <ClInclude Include="externals\include\PhysX\common\PxTolerancesScale.h">
      <Filter>Fichiers externes\PhysX</Filter>
    </ClInclude>
    <ClInclude Include="externals\include\PhysX\common\PxTypeInfo.h">
      <Filter>Fichiers externes\PhysX</Filter>
    </ClInclude>
    <ClInclude Include="externals\include\PhysX\cooking\PxBVH33MidphaseDesc.h">
      <Filter>Fichiers externes\PhysX</Filter>
    </ClInclude>
    <ClInclude Include="externals\include\PhysX\cooking\PxBVH34MidphaseDesc.h">
      <Filter>Fichiers externes\PhysX</Filter>
    </ClInclude>
    <ClInclude Include="externals\include\PhysX\cooking\PxBVHStructureDesc.h">
      <Filter>Fichiers externes\PhysX</Filter>
    </ClInclude>
    <ClInclude Include="externals\include\PhysX\cooking\Pxc.h">
      <Filter>Fichiers externes\PhysX</Filter>
    </ClInclude>
    <ClInclude Include="externals\include\PhysX\cooking\PxConvexMeshDesc.h">
      <Filter>Fichiers externes\PhysX</Filter>
    </ClInclude>
    <ClInclude Include="externals\include\PhysX\cooking\PxCooking.h">
      <Filter>Fichiers externes\PhysX</Filter>
    </ClInclude>
    <ClInclude Include="externals\include\PhysX\cooking\PxMidphaseDesc.h">
      <Filter>Fichiers externes\PhysX</Filter>
    </ClInclude>
    <ClInclude Include="externals\include\PhysX\cooking\PxTriangleMeshDesc.h">
      <Filter>Fichiers externes\PhysX</Filter>
    </ClInclude>
    <ClInclude Include="externals\include\PhysX\cudamanager\PxCudaContextManager.h">
      <Filter>Fichiers externes\PhysX</Filter>
    </ClInclude>
    <ClInclude Include="externals\include\PhysX\cudamanager\PxCudaMemoryManager.h">
      <Filter>Fichiers externes\PhysX</Filter>
    </ClInclude>
    <ClInclude Include="externals\include\PhysX\extensions\PxBinaryConverter.h">
      <Filter>Fichiers externes\PhysX</Filter>
    </ClInclude>
    <ClInclude Include="externals\include\PhysX\extensions\PxBroadPhaseExt.h">
      <Filter>Fichiers externes\PhysX</Filter>
    </ClInclude>
    <ClInclude Include="externals\include\PhysX\extensions\PxCollectionExt.h">
      <Filter>Fichiers externes\PhysX</Filter>
    </ClInclude>
    <ClInclude Include="externals\include\PhysX\extensions\PxConstraintExt.h">
      <Filter>Fichiers externes\PhysX</Filter>
    </ClInclude>
    <ClInclude Include="externals\include\PhysX\extensions\PxContactJoint.h">
      <Filter>Fichiers externes\PhysX</Filter>
    </ClInclude>
    <ClInclude Include="externals\include\PhysX\extensions\PxConvexMeshExt.h">
      <Filter>Fichiers externes\PhysX</Filter>
    </ClInclude>
    <ClInclude Include="externals\include\PhysX\extensions\PxD6Joint.h">
      <Filter>Fichiers externes\PhysX</Filter>
    </ClInclude>
    <ClInclude Include="externals\include\PhysX\extensions\PxD6JointCreate.h">
      <Filter>Fichiers externes\PhysX</Filter>
    </ClInclude>
    <ClInclude Include="externals\include\PhysX\extensions\PxDefaultAllocator.h">
      <Filter>Fichiers externes\PhysX</Filter>
    </ClInclude>
    <ClInclude Include="externals\include\PhysX\extensions\PxDefaultCpuDispatcher.h">
      <Filter>Fichiers externes\PhysX</Filter>
    </ClInclude>
    <ClInclude Include="externals\include\PhysX\extensions\PxDefaultErrorCallback.h">
      <Filter>Fichiers externes\PhysX</Filter>
    </ClInclude>
    <ClInclude Include="externals\include\PhysX\extensions\PxDefaultSimulationFilterShader.h">
      <Filter>Fichiers externes\PhysX</Filter>
    </ClInclude>
    <ClInclude Include="externals\include\PhysX\extensions\PxDefaultStreams.h">
      <Filter>Fichiers externes\PhysX</Filter>
    </ClInclude>
    <ClInclude Include="externals\include\PhysX\extensions\PxDistanceJoint.h">
      <Filter>Fichiers externes\PhysX</Filter>
    </ClInclude>
    <ClInclude Include="externals\include\PhysX\extensions\PxExtensionsAPI.h">
      <Filter>Fichiers externes\PhysX</Filter>
    </ClInclude>
    <ClInclude Include="externals\include\PhysX\extensions\PxFixedJoint.h">
      <Filter>Fichiers externes\PhysX</Filter>
    </ClInclude>
    <ClInclude Include="externals\include\PhysX\extensions\PxJoint.h">
      <Filter>Fichiers externes\PhysX</Filter>
    </ClInclude>
    <ClInclude Include="externals\include\PhysX\extensions\PxJointLimit.h">
      <Filter>Fichiers externes\PhysX</Filter>
    </ClInclude>
    <ClInclude Include="externals\include\PhysX\extensions\PxMassProperties.h">
      <Filter>Fichiers externes\PhysX</Filter>
    </ClInclude>
    <ClInclude Include="externals\include\PhysX\extensions\PxPrismaticJoint.h">
      <Filter>Fichiers externes\PhysX</Filter>
    </ClInclude>
    <ClInclude Include="externals\include\PhysX\extensions\PxRaycastCCD.h">
      <Filter>Fichiers externes\PhysX</Filter>
    </ClInclude>
    <ClInclude Include="externals\include\PhysX\extensions\PxRepXSerializer.h">
      <Filter>Fichiers externes\PhysX</Filter>
    </ClInclude>
    <ClInclude Include="externals\include\PhysX\extensions\PxRepXSimpleType.h">
      <Filter>Fichiers externes\PhysX</Filter>
    </ClInclude>
    <ClInclude Include="externals\include\PhysX\extensions\PxRevoluteJoint.h">
      <Filter>Fichiers externes\PhysX</Filter>
    </ClInclude>
    <ClInclude Include="externals\include\PhysX\extensions\PxRigidActorExt.h">
      <Filter>Fichiers externes\PhysX</Filter>
    </ClInclude>
    <ClInclude Include="externals\include\PhysX\extensions\PxRigidBodyExt.h">
      <Filter>Fichiers externes\PhysX</Filter>
    </ClInclude>
    <ClInclude Include="externals\include\PhysX\extensions\PxSceneQueryExt.h">
      <Filter>Fichiers externes\PhysX</Filter>
    </ClInclude>
    <ClInclude Include="externals\include\PhysX\extensions\PxSerialization.h">
      <Filter>Fichiers externes\PhysX</Filter>
    </ClInclude>
    <ClInclude Include="externals\include\PhysX\extensions\PxShapeExt.h">
      <Filter>Fichiers externes\PhysX</Filter>
    </ClInclude>
    <ClInclude Include="externals\include\PhysX\extensions\PxSimpleFactory.h">
      <Filter>Fichiers externes\PhysX</Filter>
    </ClInclude>
    <ClInclude Include="externals\include\PhysX\extensions\PxSmoothNormals.h">
      <Filter>Fichiers externes\PhysX</Filter>
    </ClInclude>
    <ClInclude Include="externals\include\PhysX\extensions\PxSphericalJoint.h">
      <Filter>Fichiers externes\PhysX</Filter>
    </ClInclude>
    <ClInclude Include="externals\include\PhysX\extensions\PxStringTableExt.h">
      <Filter>Fichiers externes\PhysX</Filter>
    </ClInclude>
    <ClInclude Include="externals\include\PhysX\extensions\PxTriangleMeshExt.h">
      <Filter>Fichiers externes\PhysX</Filter>
    </ClInclude>
    <ClInclude Include="externals\include\PhysX\filebuf\PxFileBuf.h">
      <Filter>Fichiers externes\PhysX</Filter>
    </ClInclude>
    <ClInclude Include="externals\include\PhysX\foundation\unix\PxUnixIntrinsics.h">
      <Filter>Fichiers externes\PhysX</Filter>
    </ClInclude>
    <ClInclude Include="externals\include\PhysX\foundation\windows\PxWindowsIntrinsics.h">
      <Filter>Fichiers externes\PhysX</Filter>
    </ClInclude>
    <ClInclude Include="externals\include\PhysX\foundation\Px.h">
      <Filter>Fichiers externes\PhysX</Filter>
    </ClInclude>
    <ClInclude Include="externals\include\PhysX\foundation\PxAllocatorCallback.h">
      <Filter>Fichiers externes\PhysX</Filter>
    </ClInclude>
    <ClInclude Include="externals\include\PhysX\foundation\PxAssert.h">
      <Filter>Fichiers externes\PhysX</Filter>
    </ClInclude>
    <ClInclude Include="externals\include\PhysX\foundation\PxBitAndData.h">
      <Filter>Fichiers externes\PhysX</Filter>
    </ClInclude>
    <ClInclude Include="externals\include\PhysX\foundation\PxBounds3.h">
      <Filter>Fichiers externes\PhysX</Filter>
    </ClInclude>
    <ClInclude Include="externals\include\PhysX\foundation\PxErrorCallback.h">
      <Filter>Fichiers externes\PhysX</Filter>
    </ClInclude>
    <ClInclude Include="externals\include\PhysX\foundation\PxErrors.h">
      <Filter>Fichiers externes\PhysX</Filter>
    </ClInclude>
    <ClInclude Include="externals\include\PhysX\foundation\PxFlags.h">
      <Filter>Fichiers externes\PhysX</Filter>
    </ClInclude>
    <ClInclude Include="externals\include\PhysX\foundation\PxFoundationConfig.h">
      <Filter>Fichiers externes\PhysX</Filter>
    </ClInclude>
    <ClInclude Include="externals\include\PhysX\foundation\PxIntrinsics.h">
      <Filter>Fichiers externes\PhysX</Filter>
    </ClInclude>
    <ClInclude Include="externals\include\PhysX\foundation\PxIO.h">
      <Filter>Fichiers externes\PhysX</Filter>
    </ClInclude>
    <ClInclude Include="externals\include\PhysX\foundation\PxMat33.h">
      <Filter>Fichiers externes\PhysX</Filter>
    </ClInclude>
    <ClInclude Include="externals\include\PhysX\foundation\PxMat44.h">
      <Filter>Fichiers externes\PhysX</Filter>
    </ClInclude>
    <ClInclude Include="externals\include\PhysX\foundation\PxMath.h">
      <Filter>Fichiers externes\PhysX</Filter>
    </ClInclude>
    <ClInclude Include="externals\include\PhysX\foundation\PxMathUtils.h">
      <Filter>Fichiers externes\PhysX</Filter>
    </ClInclude>
    <ClInclude Include="externals\include\PhysX\foundation\PxMemory.h">
      <Filter>Fichiers externes\PhysX</Filter>
    </ClInclude>
    <ClInclude Include="externals\include\PhysX\foundation\PxPlane.h">
      <Filter>Fichiers externes\PhysX</Filter>
    </ClInclude>
    <ClInclude Include="externals\include\PhysX\foundation\PxPreprocessor.h">
      <Filter>Fichiers externes\PhysX</Filter>
    </ClInclude>
    <ClInclude Include="externals\include\PhysX\foundation\PxProfiler.h">
      <Filter>Fichiers externes\PhysX</Filter>
    </ClInclude>
    <ClInclude Include="externals\include\PhysX\foundation\PxQuat.h">
      <Filter>Fichiers externes\PhysX</Filter>
    </ClInclude>
    <ClInclude Include="externals\include\PhysX\foundation\PxSharedAssert.h">
      <Filter>Fichiers externes\PhysX</Filter>
    </ClInclude>
    <ClInclude Include="externals\include\PhysX\foundation\PxSimpleTypes.h">
      <Filter>Fichiers externes\PhysX</Filter>
    </ClInclude>
    <ClInclude Include="externals\include\PhysX\foundation\PxStrideIterator.h">
      <Filter>Fichiers externes\PhysX</Filter>
    </ClInclude>
    <ClInclude Include="externals\include\PhysX\foundation\PxTransform.h">
      <Filter>Fichiers externes\PhysX</Filter>
    </ClInclude>
    <ClInclude Include="externals\include\PhysX\foundation\PxUnionCast.h">
      <Filter>Fichiers externes\PhysX</Filter>
    </ClInclude>
    <ClInclude Include="externals\include\PhysX\foundation\PxVec2.h">
      <Filter>Fichiers externes\PhysX</Filter>
    </ClInclude>
    <ClInclude Include="externals\include\PhysX\foundation\PxVec3.h">
      <Filter>Fichiers externes\PhysX</Filter>
    </ClInclude>
    <ClInclude Include="externals\include\PhysX\foundation\PxVec4.h">
      <Filter>Fichiers externes\PhysX</Filter>
    </ClInclude>
    <ClInclude Include="externals\include\PhysX\geometry\PxBoxGeometry.h">
      <Filter>Fichiers externes\PhysX</Filter>
    </ClInclude>
    <ClInclude Include="externals\include\PhysX\geometry\PxBVHStructure.h">
      <Filter>Fichiers externes\PhysX</Filter>
    </ClInclude>
    <ClInclude Include="externals\include\PhysX\geometry\PxCapsuleGeometry.h">
      <Filter>Fichiers externes\PhysX</Filter>
    </ClInclude>
    <ClInclude Include="externals\include\PhysX\geometry\PxConvexMesh.h">
      <Filter>Fichiers externes\PhysX</Filter>
    </ClInclude>
    <ClInclude Include="externals\include\PhysX\geometry\PxConvexMeshGeometry.h">
      <Filter>Fichiers externes\PhysX</Filter>
    </ClInclude>
    <ClInclude Include="externals\include\PhysX\geometry\PxGeometry.h">
      <Filter>Fichiers externes\PhysX</Filter>
    </ClInclude>
    <ClInclude Include="externals\include\PhysX\geometry\PxGeometryHelpers.h">
      <Filter>Fichiers externes\PhysX</Filter>
    </ClInclude>
    <ClInclude Include="externals\include\PhysX\geometry\PxGeometryQuery.h">
      <Filter>Fichiers externes\PhysX</Filter>
    </ClInclude>
    <ClInclude Include="externals\include\PhysX\geometry\PxHeightField.h">
      <Filter>Fichiers externes\PhysX</Filter>
    </ClInclude>
    <ClInclude Include="externals\include\PhysX\geometry\PxHeightFieldDesc.h">
      <Filter>Fichiers externes\PhysX</Filter>
    </ClInclude>
    <ClInclude Include="externals\include\PhysX\geometry\PxHeightFieldFlag.h">
      <Filter>Fichiers externes\PhysX</Filter>
    </ClInclude>
    <ClInclude Include="externals\include\PhysX\geometry\PxHeightFieldGeometry.h">
      <Filter>Fichiers externes\PhysX</Filter>
    </ClInclude>
    <ClInclude Include="externals\include\PhysX\geometry\PxHeightFieldSample.h">
      <Filter>Fichiers externes\PhysX</Filter>
    </ClInclude>
    <ClInclude Include="externals\include\PhysX\geometry\PxMeshQuery.h">
      <Filter>Fichiers externes\PhysX</Filter>
    </ClInclude>
    <ClInclude Include="externals\include\PhysX\geometry\PxMeshScale.h">
      <Filter>Fichiers externes\PhysX</Filter>
    </ClInclude>
    <ClInclude Include="externals\include\PhysX\geometry\PxPlaneGeometry.h">
      <Filter>Fichiers externes\PhysX</Filter>
    </ClInclude>
    <ClInclude Include="externals\include\PhysX\geometry\PxSimpleTriangleMesh.h">
      <Filter>Fichiers externes\PhysX</Filter>
    </ClInclude>
    <ClInclude Include="externals\include\PhysX\geometry\PxSphereGeometry.h">
      <Filter>Fichiers externes\PhysX</Filter>
    </ClInclude>
    <ClInclude Include="externals\include\PhysX\geometry\PxTriangle.h">
      <Filter>Fichiers externes\PhysX</Filter>
    </ClInclude>
    <ClInclude Include="externals\include\PhysX\geometry\PxTriangleMesh.h">
      <Filter>Fichiers externes\PhysX</Filter>
    </ClInclude>
    <ClInclude Include="externals\include\PhysX\geometry\PxTriangleMeshGeometry.h">
      <Filter>Fichiers externes\PhysX</Filter>
    </ClInclude>
    <ClInclude Include="externals\include\PhysX\geomutils\GuContactBuffer.h">
      <Filter>Fichiers externes\PhysX</Filter>
    </ClInclude>
    <ClInclude Include="externals\include\PhysX\geomutils\GuContactPoint.h">
      <Filter>Fichiers externes\PhysX</Filter>
    </ClInclude>
    <ClInclude Include="externals\include\PhysX\gpu\PxGpu.h">
      <Filter>Fichiers externes\PhysX</Filter>
    </ClInclude>
    <ClInclude Include="externals\include\PhysX\pvd\PxPvd.h">
      <Filter>Fichiers externes\PhysX</Filter>
    </ClInclude>
    <ClInclude Include="externals\include\PhysX\pvd\PxPvdSceneClient.h">
      <Filter>Fichiers externes\PhysX</Filter>
    </ClInclude>
    <ClInclude Include="externals\include\PhysX\pvd\PxPvdTransport.h">
      <Filter>Fichiers externes\PhysX</Filter>
    </ClInclude>
    <ClInclude Include="externals\include\PhysX\solver\PxSolverDefs.h">
      <Filter>Fichiers externes\PhysX</Filter>
    </ClInclude>
    <ClInclude Include="externals\include\PhysX\task\PxCpuDispatcher.h">
      <Filter>Fichiers externes\PhysX</Filter>
    </ClInclude>
    <ClInclude Include="externals\include\PhysX\task\PxTask.h">
      <Filter>Fichiers externes\PhysX</Filter>
    </ClInclude>
    <ClInclude Include="externals\include\PhysX\task\PxTaskDefine.h">
      <Filter>Fichiers externes\PhysX</Filter>
    </ClInclude>
    <ClInclude Include="externals\include\PhysX\task\PxTaskManager.h">
      <Filter>Fichiers externes\PhysX</Filter>
    </ClInclude>
    <ClInclude Include="externals\include\PhysX\vehicle\PxVehicleComponents.h">
      <Filter>Fichiers externes\PhysX</Filter>
    </ClInclude>
    <ClInclude Include="externals\include\PhysX\vehicle\PxVehicleDrive.h">
      <Filter>Fichiers externes\PhysX</Filter>
    </ClInclude>
    <ClInclude Include="externals\include\PhysX\vehicle\PxVehicleDrive4W.h">
      <Filter>Fichiers externes\PhysX</Filter>
    </ClInclude>
    <ClInclude Include="externals\include\PhysX\vehicle\PxVehicleDriveNW.h">
      <Filter>Fichiers externes\PhysX</Filter>
    </ClInclude>
    <ClInclude Include="externals\include\PhysX\vehicle\PxVehicleDriveTank.h">
      <Filter>Fichiers externes\PhysX</Filter>
    </ClInclude>
    <ClInclude Include="externals\include\PhysX\vehicle\PxVehicleNoDrive.h">
      <Filter>Fichiers externes\PhysX</Filter>
    </ClInclude>
    <ClInclude Include="externals\include\PhysX\vehicle\PxVehicleSDK.h">
      <Filter>Fichiers externes\PhysX</Filter>
    </ClInclude>
    <ClInclude Include="externals\include\PhysX\vehicle\PxVehicleShaders.h">
      <Filter>Fichiers externes\PhysX</Filter>
    </ClInclude>
    <ClInclude Include="externals\include\PhysX\vehicle\PxVehicleTireFriction.h">
      <Filter>Fichiers externes\PhysX</Filter>
    </ClInclude>
    <ClInclude Include="externals\include\PhysX\vehicle\PxVehicleUpdate.h">
      <Filter>Fichiers externes\PhysX</Filter>
    </ClInclude>
    <ClInclude Include="externals\include\PhysX\vehicle\PxVehicleUtil.h">
      <Filter>Fichiers externes\PhysX</Filter>
    </ClInclude>
    <ClInclude Include="externals\include\PhysX\vehicle\PxVehicleUtilControl.h">
      <Filter>Fichiers externes\PhysX</Filter>
    </ClInclude>
    <ClInclude Include="externals\include\PhysX\vehicle\PxVehicleUtilSetup.h">
      <Filter>Fichiers externes\PhysX</Filter>
    </ClInclude>
    <ClInclude Include="externals\include\PhysX\vehicle\PxVehicleUtilTelemetry.h">
      <Filter>Fichiers externes\PhysX</Filter>
    </ClInclude>
    <ClInclude Include="externals\include\PhysX\vehicle\PxVehicleWheels.h">
      <Filter>Fichiers externes\PhysX</Filter>
    </ClInclude>
    <ClInclude Include="externals\include\PhysX\PxActor.h">
      <Filter>Fichiers externes\PhysX</Filter>
    </ClInclude>
    <ClInclude Include="externals\include\PhysX\PxAggregate.h">
      <Filter>Fichiers externes\PhysX</Filter>
    </ClInclude>
    <ClInclude Include="externals\include\PhysX\PxArticulation.h">
      <Filter>Fichiers externes\PhysX</Filter>
    </ClInclude>
    <ClInclude Include="externals\include\PhysX\PxArticulationBase.h">
      <Filter>Fichiers externes\PhysX</Filter>
    </ClInclude>
    <ClInclude Include="externals\include\PhysX\PxArticulationJoint.h">
      <Filter>Fichiers externes\PhysX</Filter>
    </ClInclude>
    <ClInclude Include="externals\include\PhysX\PxArticulationJointReducedCoordinate.h">
      <Filter>Fichiers externes\PhysX</Filter>
    </ClInclude>
    <ClInclude Include="externals\include\PhysX\PxArticulationLink.h">
      <Filter>Fichiers externes\PhysX</Filter>
    </ClInclude>
    <ClInclude Include="externals\include\PhysX\PxArticulationReducedCoordinate.h">
      <Filter>Fichiers externes\PhysX</Filter>
    </ClInclude>
    <ClInclude Include="externals\include\PhysX\PxBatchQuery.h">
      <Filter>Fichiers externes\PhysX</Filter>
    </ClInclude>
    <ClInclude Include="externals\include\PhysX\PxBatchQueryDesc.h">
      <Filter>Fichiers externes\PhysX</Filter>
    </ClInclude>
    <ClInclude Include="externals\include\PhysX\PxBroadPhase.h">
      <Filter>Fichiers externes\PhysX</Filter>
    </ClInclude>
    <ClInclude Include="externals\include\PhysX\PxClient.h">
      <Filter>Fichiers externes\PhysX</Filter>
    </ClInclude>
    <ClInclude Include="externals\include\PhysX\PxConfig.h">
      <Filter>Fichiers externes\PhysX</Filter>
    </ClInclude>
    <ClInclude Include="externals\include\PhysX\PxConstraint.h">
      <Filter>Fichiers externes\PhysX</Filter>
    </ClInclude>
    <ClInclude Include="externals\include\PhysX\PxConstraintDesc.h">
      <Filter>Fichiers externes\PhysX</Filter>
    </ClInclude>
    <ClInclude Include="externals\include\PhysX\PxContact.h">
      <Filter>Fichiers externes\PhysX</Filter>
    </ClInclude>
    <ClInclude Include="externals\include\PhysX\PxContactModifyCallback.h">
      <Filter>Fichiers externes\PhysX</Filter>
    </ClInclude>
    <ClInclude Include="externals\include\PhysX\PxDeletionListener.h">
      <Filter>Fichiers externes\PhysX</Filter>
    </ClInclude>
    <ClInclude Include="externals\include\PhysX\PxFiltering.h">
      <Filter>Fichiers externes\PhysX</Filter>
    </ClInclude>
    <ClInclude Include="externals\include\PhysX\PxForceMode.h">
      <Filter>Fichiers externes\PhysX</Filter>
    </ClInclude>
    <ClInclude Include="externals\include\PhysX\PxFoundation.h">
      <Filter>Fichiers externes\PhysX</Filter>
    </ClInclude>
    <ClInclude Include="externals\include\PhysX\PxImmediateMode.h">
      <Filter>Fichiers externes\PhysX</Filter>
    </ClInclude>
    <ClInclude Include="externals\include\PhysX\PxLockedData.h">
      <Filter>Fichiers externes\PhysX</Filter>
    </ClInclude>
    <ClInclude Include="externals\include\PhysX\PxMaterial.h">
      <Filter>Fichiers externes\PhysX</Filter>
    </ClInclude>
    <ClInclude Include="externals\include\PhysX\PxPhysics.h">
      <Filter>Fichiers externes\PhysX</Filter>
    </ClInclude>
    <ClInclude Include="externals\include\PhysX\PxPhysicsAPI.h">
      <Filter>Fichiers externes\PhysX</Filter>
    </ClInclude>
    <ClInclude Include="externals\include\PhysX\PxPhysicsSerialization.h">
      <Filter>Fichiers externes\PhysX</Filter>
    </ClInclude>
    <ClInclude Include="externals\include\PhysX\PxPhysicsVersion.h">
      <Filter>Fichiers externes\PhysX</Filter>
    </ClInclude>
    <ClInclude Include="externals\include\PhysX\PxPhysXConfig.h">
      <Filter>Fichiers externes\PhysX</Filter>
    </ClInclude>
    <ClInclude Include="externals\include\PhysX\PxPruningStructure.h">
      <Filter>Fichiers externes\PhysX</Filter>
    </ClInclude>
    <ClInclude Include="externals\include\PhysX\PxQueryFiltering.h">
      <Filter>Fichiers externes\PhysX</Filter>
    </ClInclude>
    <ClInclude Include="externals\include\PhysX\PxQueryReport.h">
      <Filter>Fichiers externes\PhysX</Filter>
    </ClInclude>
    <ClInclude Include="externals\include\PhysX\PxRigidActor.h">
      <Filter>Fichiers externes\PhysX</Filter>
    </ClInclude>
    <ClInclude Include="externals\include\PhysX\PxRigidBody.h">
      <Filter>Fichiers externes\PhysX</Filter>
    </ClInclude>
    <ClInclude Include="externals\include\PhysX\PxRigidDynamic.h">
      <Filter>Fichiers externes\PhysX</Filter>
    </ClInclude>
    <ClInclude Include="externals\include\PhysX\PxRigidStatic.h">
      <Filter>Fichiers externes\PhysX</Filter>
    </ClInclude>
    <ClInclude Include="externals\include\PhysX\PxScene.h">
      <Filter>Fichiers externes\PhysX</Filter>
    </ClInclude>
    <ClInclude Include="externals\include\PhysX\PxSceneDesc.h">
      <Filter>Fichiers externes\PhysX</Filter>
    </ClInclude>
    <ClInclude Include="externals\include\PhysX\PxSceneLock.h">
      <Filter>Fichiers externes\PhysX</Filter>
    </ClInclude>
    <ClInclude Include="externals\include\PhysX\PxShape.h">
      <Filter>Fichiers externes\PhysX</Filter>
    </ClInclude>
    <ClInclude Include="externals\include\PhysX\PxSimulationEventCallback.h">
      <Filter>Fichiers externes\PhysX</Filter>
    </ClInclude>
    <ClInclude Include="externals\include\PhysX\PxSimulationStatistics.h">
      <Filter>Fichiers externes\PhysX</Filter>
    </ClInclude>
    <ClInclude Include="externals\include\PhysX\PxVisualizationParameter.h">
      <Filter>Fichiers externes\PhysX</Filter>
    </ClInclude>
    <ClInclude Include="include\rigidbody.hpp">
      <Filter>Fichiers d%27en-tête\Component</Filter>
    </ClInclude>
    <ClInclude Include="include\collider.hpp">
      <Filter>Fichiers d%27en-tête\Component</Filter>
    </ClInclude>
    <ClInclude Include="include\physic_actor.hpp">
      <Filter>Fichiers d%27en-tête\PhysX</Filter>
    </ClInclude>
    <ClInclude Include="include\physic_scene.hpp">
      <Filter>Fichiers d%27en-tête\PhysX</Filter>
    </ClInclude>
    <ClInclude Include="src\physic_utils.cpp">
      <Filter>Fichiers sources\PhysX</Filter>
    </ClInclude>
    <ClInclude Include="include\physic_utils.hpp">
      <Filter>Fichiers d%27en-tête\PhysX</Filter>
    </ClInclude>
    <ClInclude Include="include\csreflection.hpp">
      <Filter>Fichiers d%27en-tête\Scripting</Filter>
    </ClInclude>
    <ClInclude Include="include\csreflection_ex.hpp">
      <Filter>Fichiers d%27en-tête\Scripting</Filter>
    </ClInclude>
    <ClInclude Include="include\event.hpp">
      <Filter>Fichiers d%27en-tête\Core</Filter>
    </ClInclude>
    <ClInclude Include="include\csassembly.hpp">
      <Filter>Fichiers d%27en-tête\Scripting</Filter>
    </ClInclude>
    <ClInclude Include="include\cell.hpp">
      <Filter>Fichiers d%27en-tête\Cells</Filter>
    </ClInclude>
    <ClInclude Include="include\cell_system.hpp">
      <Filter>Fichiers d%27en-tête\Cells</Filter>
    </ClInclude>
    <ClInclude Include="include\serializer.hpp">
      <Filter>Fichiers d%27en-tête\Serialization</Filter>
    </ClInclude>
    <ClInclude Include="include\utils.hpp">
      <Filter>Fichiers d%27en-tête</Filter>
    </ClInclude>
    <ClInclude Include="include\command.hpp">
      <Filter>Fichiers d%27en-tête\Core</Filter>
    </ClInclude>
    <ClInclude Include="include\framebuffer.hpp">
      <Filter>Fichiers d%27en-tête\Rendering</Filter>
    </ClInclude>
    <ClInclude Include="include\picking_renderpass.hpp">
      <Filter>Fichiers d%27en-tête\Picking</Filter>
    </ClInclude>
    <ClInclude Include="include\pickinger.hpp">
      <Filter>Fichiers d%27en-tête\Picking</Filter>
    </ClInclude>
    <ClInclude Include="include\light.hpp">
      <Filter>Fichiers d%27en-tête\Rendering</Filter>
    </ClInclude>
    <ClInclude Include="include\basic_renderpass.hpp">
      <Filter>Fichiers d%27en-tête\Rendering\Renderpass</Filter>
    </ClInclude>
    <ClInclude Include="include\postprocess_renderpass_interface.hpp">
      <Filter>Fichiers d%27en-tête\Rendering\Renderpass</Filter>
    </ClInclude>
    <ClInclude Include="include\renderpass_interface.hpp">
      <Filter>Fichiers d%27en-tête\Rendering\Renderpass</Filter>
    </ClInclude>
    <ClInclude Include="include\rendering_renderpass_interface.hpp">
      <Filter>Fichiers d%27en-tête\Rendering\Renderpass</Filter>
    </ClInclude>
    <ClInclude Include="include\shadow_renderpass.hpp">
      <Filter>Fichiers d%27en-tête\Rendering\Renderpass</Filter>
    </ClInclude>
    <ClInclude Include="include\skybox_renderpass.hpp">
      <Filter>Fichiers d%27en-tête\Rendering\Renderpass</Filter>
    </ClInclude>
    <ClInclude Include="include\ebo_tbn_generator.hpp">
      <Filter>Fichiers d%27en-tête\Rendering\Generator</Filter>
    </ClInclude>
    <ClInclude Include="include\element_mesh_generator.hpp">
      <Filter>Fichiers d%27en-tête\Rendering\Generator</Filter>
    </ClInclude>
    <ClInclude Include="include\basic_postprocess_renderpass.hpp">
      <Filter>Fichiers d%27en-tête\Rendering\Renderpass</Filter>
    </ClInclude>
    <ClInclude Include="include\builder.hpp">
      <Filter>Fichiers d%27en-tête\Core</Filter>
    </ClInclude>
    <ClInclude Include="externals\include\nvtt\nvtt.h">
      <Filter>Fichiers externes\nvtt</Filter>
    </ClInclude>
    <ClInclude Include="externals\include\nvtt\nvtt_lowlevel.h">
      <Filter>Fichiers externes\nvtt</Filter>
    </ClInclude>
    <ClInclude Include="externals\include\nvtt\nvtt_wrapper.h">
      <Filter>Fichiers externes\nvtt</Filter>
    </ClInclude>
    <ClInclude Include="include\bloom_renderpass.hpp">
      <Filter>Fichiers d%27en-tête\Rendering\Renderpass</Filter>
    </ClInclude>
    <ClInclude Include="include\hdr_renderpass.hpp">
      <Filter>Fichiers d%27en-tête\Rendering\Renderpass</Filter>
    </ClInclude>
    <ClInclude Include="include\viewer.hpp">
      <Filter>Fichiers d%27en-tête\Rendering</Filter>
    </ClInclude>
    <ClInclude Include="include\entity.hpp">
      <Filter>Fichiers d%27en-tête\Entity</Filter>
    </ClInclude>
    <ClInclude Include="include\portal_component.hpp">
      <Filter>Fichiers d%27en-tête\Component</Filter>
    </ClInclude>
    <ClInclude Include="include\portal.hpp">
      <Filter>Fichiers d%27en-tête\Cells</Filter>
    </ClInclude>
    <ClInclude Include="include\basic_rendering_pipeline.hpp">
      <Filter>Fichiers d%27en-tête\Rendering\Pipeline</Filter>
    </ClInclude>
    <ClInclude Include="include\rendering_pipeline_interface.hpp">
      <Filter>Fichiers d%27en-tête\Rendering\Pipeline</Filter>
    </ClInclude>
    <ClInclude Include="include\pbr_rendering_pipeline.hpp">
      <Filter>Fichiers d%27en-tête\Rendering\Pipeline</Filter>
    </ClInclude>
    <ClInclude Include="include\skydome_renderpass.hpp">
      <Filter>Fichiers d%27en-tête\Rendering\Renderpass</Filter>
    </ClInclude>
    <ClInclude Include="include\environment_map_renderpass.hpp">
      <Filter>Fichiers d%27en-tête\Rendering\Renderpass</Filter>
    </ClInclude>
    <ClInclude Include="include\irradiance_map_renderpass.hpp">
      <Filter>Fichiers d%27en-tête\Rendering\Renderpass</Filter>
    </ClInclude>
    <ClInclude Include="include\prefilter_map_renderpass.hpp">
      <Filter>Fichiers d%27en-tête\Rendering\Renderpass</Filter>
    </ClInclude>
    <ClInclude Include="include\brdf_renderpass.hpp">
      <Filter>Fichiers d%27en-tête\Rendering\Renderpass</Filter>
    </ClInclude>
    <ClInclude Include="include\pbr_renderpass.hpp">
      <Filter>Fichiers d%27en-tête\Rendering\Renderpass</Filter>
    </ClInclude>
    <ClInclude Include="include\portal_render_renderpass.hpp">
      <Filter>Fichiers d%27en-tête\Rendering\Renderpass</Filter>
    </ClInclude>
    <ClInclude Include="include\box_collider.hpp">
      <Filter>Fichiers d%27en-tête\Component</Filter>
    </ClInclude>
    <ClInclude Include="include\capsule_collider.hpp">
      <Filter>Fichiers d%27en-tête\Component</Filter>
    </ClInclude>
    <ClInclude Include="include\sphere_collider.hpp">
      <Filter>Fichiers d%27en-tête\Component</Filter>
    </ClInclude>
    <ClInclude Include="include\mixed_rendering_pipeline.hpp">
      <Filter>Fichiers d%27en-tête\Rendering\Pipeline</Filter>
    </ClInclude>
    <ClInclude Include="include\audio_listener.hpp">
      <Filter>Fichiers d%27en-tête\Component</Filter>
    </ClInclude>
    <ClInclude Include="include\audio_emitter.hpp">
      <Filter>Fichiers d%27en-tête\Component</Filter>
    </ClInclude>
    <ClInclude Include="externals\include\al.h">
      <Filter>Fichiers externes</Filter>
    </ClInclude>
    <ClInclude Include="externals\include\alc.h">
      <Filter>Fichiers externes</Filter>
    </ClInclude>
    <ClInclude Include="include\portal_generator.hpp">
      <Filter>Fichiers d%27en-tête\Rendering\Generator</Filter>
    </ClInclude>
    <ClInclude Include="include\character_controller.hpp">
      <Filter>Fichiers d%27en-tête\Component</Filter>
    </ClInclude>
    <ClInclude Include="include\texture_generator.hpp">
      <Filter>Fichiers d%27en-tête</Filter>
    </ClInclude>
    <ClInclude Include="include\sky_renderer.hpp">
      <Filter>Fichiers d%27en-tête\Rendering</Filter>
    </ClInclude>
    <ClInclude Include="include\collider_renderpass.hpp">
      <Filter>Fichiers sources\Rendering\Renderpass</Filter>
    </ClInclude>
  </ItemGroup>
  <ItemGroup>
    <None Include="include\maths\matrix3.inl">
      <Filter>Fichiers d%27en-tête\Maths</Filter>
    </None>
    <None Include="include\maths\matrix4.inl">
      <Filter>Fichiers d%27en-tête\Maths</Filter>
    </None>
    <None Include="include\maths\quaternion.inl">
      <Filter>Fichiers d%27en-tête\Maths</Filter>
    </None>
    <None Include="include\maths\vector2.inl">
      <Filter>Fichiers d%27en-tête\Maths</Filter>
    </None>
    <None Include="include\maths\vector3.inl">
      <Filter>Fichiers d%27en-tête\Maths</Filter>
    </None>
    <None Include="include\maths\vector4.inl">
      <Filter>Fichiers d%27en-tête\Maths</Filter>
    </None>
    <None Include="include\resource_manager.inl">
      <Filter>Fichiers d%27en-tête\Resource</Filter>
    </None>
    <None Include="externals\include\assimp\color4.inl">
      <Filter>Fichiers externes\Assimp</Filter>
    </None>
    <None Include="externals\include\assimp\material.inl">
      <Filter>Fichiers externes\Assimp</Filter>
    </None>
    <None Include="externals\include\assimp\matrix3x3.inl">
      <Filter>Fichiers externes\Assimp</Filter>
    </None>
    <None Include="externals\include\assimp\matrix4x4.inl">
      <Filter>Fichiers externes\Assimp</Filter>
    </None>
    <None Include="externals\include\assimp\quaternion.inl">
      <Filter>Fichiers externes\Assimp</Filter>
    </None>
    <None Include="externals\include\assimp\SmoothingGroups.inl">
      <Filter>Fichiers externes\Assimp</Filter>
    </None>
    <None Include="externals\include\assimp\vector2.inl">
      <Filter>Fichiers externes\Assimp</Filter>
    </None>
    <None Include="externals\include\assimp\vector3.inl">
      <Filter>Fichiers externes\Assimp</Filter>
    </None>
    <None Include="interface\entity.i">
      <Filter>Fichiers sources\Interface</Filter>
    </None>
    <None Include="interface\maths.i">
      <Filter>Fichiers sources\Interface</Filter>
    </None>
    <None Include="interface\vector2.i">
      <Filter>Fichiers sources\Interface\Maths</Filter>
    </None>
    <None Include="interface\vector3.i">
      <Filter>Fichiers sources\Interface\Maths</Filter>
    </None>
    <None Include="interface\vector4.i">
      <Filter>Fichiers sources\Interface\Maths</Filter>
    </None>
    <None Include="interface\matrix3.i">
      <Filter>Fichiers sources\Interface\Maths</Filter>
    </None>
    <None Include="interface\vector.i">
      <Filter>Fichiers sources\Interface\Maths</Filter>
    </None>
    <None Include="interface\behaviour.i">
      <Filter>Fichiers sources\Interface</Filter>
    </None>
    <None Include="interface\transform_comp.i">
      <Filter>Fichiers sources\Interface</Filter>
    </None>
    <None Include="interface\object.i">
      <Filter>Fichiers sources\Interface</Filter>
    </None>
    <None Include="interface\camera_comp.i">
      <Filter>Fichiers sources\Interface</Filter>
    </None>
    <None Include="interface\input_manager.i">
      <Filter>Fichiers sources\Interface</Filter>
    </None>
    <None Include="interface\singleton.i">
      <Filter>Fichiers sources\Interface</Filter>
    </None>
    <None Include="interface\debug.i">
      <Filter>Fichiers sources\Interface</Filter>
    </None>
    <None Include="include\resources_container.inl">
      <Filter>Fichiers d%27en-tête\Resource</Filter>
    </None>
    <None Include="interface\time_manager.i">
      <Filter>Fichiers sources\Interface</Filter>
    </None>
    <None Include="interface\scripted_behaviour.i">
      <Filter>Fichiers sources\Interface</Filter>
    </None>
    <None Include="..\x64\Debug\Assets\shadowShader.frag">
      <Filter>Fichiers de ressources</Filter>
    </None>
    <None Include="..\x64\Debug\Assets\shadowShader.vert">
      <Filter>Fichiers de ressources</Filter>
    </None>
    <None Include="..\x64\Debug\Assets\basicShader.frag">
      <Filter>Fichiers de ressources</Filter>
    </None>
    <None Include="..\x64\Debug\Assets\basicShader.vert">
      <Filter>Fichiers de ressources</Filter>
    </None>
    <None Include="..\x64\Debug\Assets\basicPostProcess.frag">
      <Filter>Fichiers de ressources</Filter>
    </None>
    <None Include="..\x64\Debug\Assets\basicPostProcess.vert">
      <Filter>Fichiers de ressources</Filter>
    </None>
    <None Include="..\x64\Debug\Assets\bloomShader.frag">
      <Filter>Fichiers de ressources</Filter>
    </None>
    <None Include="..\x64\Debug\Assets\bloomShader.vert">
      <Filter>Fichiers de ressources</Filter>
    </None>
    <None Include="..\x64\Debug\Assets\hdrShader.frag">
      <Filter>Fichiers de ressources</Filter>
    </None>
    <None Include="..\x64\Debug\Assets\hdrShader.vert">
      <Filter>Fichiers de ressources</Filter>
    </None>
    <None Include="..\x64\Debug\Assets\skyboxShader.frag">
      <Filter>Fichiers de ressources</Filter>
    </None>
    <None Include="..\x64\Debug\Assets\skyboxShader.vert">
      <Filter>Fichiers de ressources</Filter>
    </None>
    <None Include="include\entity.inl">
      <Filter>Fichiers d%27en-tête\Entity</Filter>
    </None>
    <None Include="Scripting.cd" />
    <None Include="Rendering.cd" />
    <None Include="..\x64\Debug\Assets\portalShader.frag">
      <Filter>Fichiers de ressources</Filter>
    </None>
    <None Include="..\x64\Debug\Assets\portalShader.vert">
      <Filter>Fichiers de ressources</Filter>
    </None>
    <None Include="interface\physic_manager.i">
      <Filter>Fichiers sources\Interface</Filter>
    </None>
    <None Include="interface\box_collider.i">
      <Filter>Fichiers sources\Interface</Filter>
    </None>
    <None Include="interface\capsule_collider.i">
      <Filter>Fichiers sources\Interface</Filter>
    </None>
    <None Include="interface\collider.i">
      <Filter>Fichiers sources\Interface</Filter>
    </None>
    <None Include="interface\sphere_collider.i">
      <Filter>Fichiers sources\Interface</Filter>
    </None>
    <None Include="interface\physic_actor.i">
      <Filter>Fichiers sources\Interface</Filter>
    </None>
    <None Include="interface\physic_scene.i">
      <Filter>Fichiers sources\Interface</Filter>
    </None>
    <None Include="..\x64\Debug\Assets\Shaders\colliderShader.vert">
      <Filter>Fichiers de ressources</Filter>
    </None>
    <None Include="..\x64\Debug\Assets\Shaders\colliderShader.frag">
      <Filter>Fichiers de ressources</Filter>
    </None>
  </ItemGroup>
  <ItemGroup>
    <ClCompile Include="src\transform.cpp">
      <Filter>Fichiers sources\Component</Filter>
    </ClCompile>
    <ClCompile Include="src\debug.cpp">
      <Filter>Fichiers sources\Core</Filter>
    </ClCompile>
    <ClCompile Include="src\dllmain.cpp">
      <Filter>Fichiers sources\Core</Filter>
    </ClCompile>
    <ClCompile Include="src\engine.cpp">
      <Filter>Fichiers sources\Core</Filter>
    </ClCompile>
    <ClCompile Include="src\pch.cpp">
      <Filter>Fichiers sources\Core</Filter>
    </ClCompile>
    <ClCompile Include="src\material.cpp">
      <Filter>Fichiers sources\Resource</Filter>
    </ClCompile>
    <ClCompile Include="src\mesh.cpp">
      <Filter>Fichiers sources\Resource</Filter>
    </ClCompile>
    <ClCompile Include="src\model_base.cpp">
      <Filter>Fichiers sources\Resource</Filter>
    </ClCompile>
    <ClCompile Include="src\model_loader.cpp">
      <Filter>Fichiers sources\Resource</Filter>
    </ClCompile>
    <ClCompile Include="src\resource_manager.cpp">
      <Filter>Fichiers sources\Resource</Filter>
    </ClCompile>
    <ClCompile Include="src\shader.cpp">
      <Filter>Fichiers sources\Resource</Filter>
    </ClCompile>
    <ClCompile Include="src\model.cpp">
      <Filter>Fichiers sources\Resource</Filter>
    </ClCompile>
    <ClCompile Include="src\texture.cpp">
      <Filter>Fichiers sources\Resource</Filter>
    </ClCompile>
    <ClCompile Include="externals\src\stb_image.cpp">
      <Filter>Fichiers externes</Filter>
    </ClCompile>
    <ClCompile Include="externals\src\gl.c">
      <Filter>Fichiers externes</Filter>
    </ClCompile>
    <ClCompile Include="src\shader_program.cpp">
      <Filter>Fichiers sources\Resource</Filter>
    </ClCompile>
    <ClCompile Include="src\scene.cpp">
      <Filter>Fichiers sources</Filter>
    </ClCompile>
    <ClCompile Include="src\model_renderer.cpp">
      <Filter>Fichiers sources\Component</Filter>
    </ClCompile>
    <ClCompile Include="src\render_manager.cpp">
      <Filter>Fichiers sources\Rendering</Filter>
    </ClCompile>
    <ClCompile Include="src\maths.cpp">
      <Filter>Fichiers sources\Core</Filter>
    </ClCompile>
    <ClCompile Include="src\camera_component.cpp">
      <Filter>Fichiers sources\Component</Filter>
    </ClCompile>
    <ClCompile Include="src\cubemap.cpp">
      <Filter>Fichiers sources\Resource</Filter>
    </ClCompile>
    <ClCompile Include="src\light_component.cpp">
      <Filter>Fichiers sources\Component</Filter>
    </ClCompile>
    <ClCompile Include="src\input_manager.cpp">
      <Filter>Fichiers sources\Core</Filter>
    </ClCompile>
    <ClCompile Include="src\scripted_behaviour.cpp">
      <Filter>Fichiers sources\Component</Filter>
    </ClCompile>
    <ClCompile Include="interface\ccengine_wrap.cxx">
      <Filter>Fichiers sources\CSGenerated</Filter>
    </ClCompile>
    <ClCompile Include="src\scene_manager.cpp">
      <Filter>Fichiers sources\Core</Filter>
    </ClCompile>
    <ClCompile Include="src\monowrapper.cpp">
      <Filter>Fichiers sources\Scripting</Filter>
    </ClCompile>
    <ClCompile Include="src\csscripting_system.cpp">
      <Filter>Fichiers sources\Scripting</Filter>
    </ClCompile>
    <ClCompile Include="src\sound_manager.cpp">
      <Filter>Fichiers sources\Core</Filter>
    </ClCompile>
    <ClCompile Include="src\sound.cpp">
      <Filter>Fichiers sources\Resource</Filter>
    </ClCompile>
    <ClCompile Include="src\time_manager.cpp">
      <Filter>Fichiers sources\Core</Filter>
    </ClCompile>
    <ClCompile Include="src\threadpool.cpp">
      <Filter>Fichiers sources\Core</Filter>
    </ClCompile>
    <ClCompile Include="src\uuid.cpp">
      <Filter>Fichiers sources\Core</Filter>
    </ClCompile>
    <ClCompile Include="src\physic_manager.cpp">
      <Filter>Fichiers sources\PhysX</Filter>
    </ClCompile>
    <ClCompile Include="src\rigidbody.cpp">
      <Filter>Fichiers sources\Component</Filter>
    </ClCompile>
    <ClCompile Include="src\collider.cpp">
      <Filter>Fichiers sources\Component</Filter>
    </ClCompile>
    <ClCompile Include="src\physic_actor.cpp">
      <Filter>Fichiers sources\PhysX</Filter>
    </ClCompile>
    <ClCompile Include="src\physic_scene.cpp">
      <Filter>Fichiers sources\PhysX</Filter>
    </ClCompile>
    <ClCompile Include="src\csassembly.cpp">
      <Filter>Fichiers sources\Scripting</Filter>
    </ClCompile>
    <ClCompile Include="src\behaviour.cpp">
      <Filter>Fichiers sources\Component</Filter>
    </ClCompile>
    <ClCompile Include="src\cell.cpp">
      <Filter>Fichiers sources\Cells</Filter>
    </ClCompile>
    <ClCompile Include="src\cell_system.cpp">
      <Filter>Fichiers sources\Cells</Filter>
    </ClCompile>
    <ClCompile Include="src\utils.cpp">
      <Filter>Fichiers sources</Filter>
    </ClCompile>
    <ClCompile Include="src\command.cpp">
      <Filter>Fichiers sources\Core</Filter>
    </ClCompile>
    <ClCompile Include="src\picking_renderpass.cpp">
      <Filter>Fichiers sources\Picking</Filter>
    </ClCompile>
    <ClCompile Include="src\pickinger.cpp">
      <Filter>Fichiers sources\Picking</Filter>
    </ClCompile>
    <ClCompile Include="src\serializer.cpp">
      <Filter>Fichiers sources\Serialization</Filter>
    </ClCompile>
    <ClCompile Include="src\character_controller.cpp">
      <Filter>Fichiers sources\Component</Filter>
    </ClCompile>
    <ClCompile Include="src\box_collider.cpp">
      <Filter>Fichiers sources\Component</Filter>
    </ClCompile>
    <ClCompile Include="src\sphere_collider.cpp">
      <Filter>Fichiers sources\Component</Filter>
    </ClCompile>
    <ClCompile Include="src\shadow_renderpass.cpp">
      <Filter>Fichiers sources\Rendering\Renderpass</Filter>
    </ClCompile>
    <ClCompile Include="src\skybox_renderpass.cpp">
      <Filter>Fichiers sources\Rendering\Renderpass</Filter>
    </ClCompile>
    <ClCompile Include="src\basic_renderpass.cpp">
      <Filter>Fichiers sources\Rendering\Renderpass</Filter>
    </ClCompile>
    <ClCompile Include="src\ebo_tbn_generator.cpp">
      <Filter>Fichiers sources\Rendering\Generator</Filter>
    </ClCompile>
    <ClCompile Include="src\element_mesh_generator.cpp">
      <Filter>Fichiers sources\Rendering\Generator</Filter>
    </ClCompile>
    <ClCompile Include="src\basic_postprocess_renderpass.cpp">
      <Filter>Fichiers sources\Rendering\Renderpass</Filter>
    </ClCompile>
    <ClCompile Include="src\builder.cpp">
      <Filter>Fichiers sources\Core</Filter>
    </ClCompile>
    <ClCompile Include="src\bloom_renderpass.cpp">
      <Filter>Fichiers sources\Rendering\Renderpass</Filter>
    </ClCompile>
    <ClCompile Include="src\hdr_renderpass.cpp">
      <Filter>Fichiers sources\Rendering\Renderpass</Filter>
    </ClCompile>
    <ClCompile Include="src\basic_rendering_pipeline.cpp">
      <Filter>Fichiers sources\Rendering\Pipeline</Filter>
    </ClCompile>
    <ClCompile Include="src\entity.cpp">
      <Filter>Fichiers sources\Entity</Filter>
    </ClCompile>
    <ClCompile Include="src\rendering_pipeline_interface.cpp">
      <Filter>Fichiers sources\Rendering\Pipeline</Filter>
    </ClCompile>
    <ClCompile Include="src\portal_component.cpp">
      <Filter>Fichiers sources\Component</Filter>
    </ClCompile>
    <ClCompile Include="src\portal_render_renderpass.cpp">
      <Filter>Fichiers sources\Rendering\Renderpass</Filter>
    </ClCompile>
    <ClCompile Include="src\portal.cpp">
      <Filter>Fichiers sources\Rendering</Filter>
    </ClCompile>
    <ClCompile Include="src\capsule_collider.cpp">
      <Filter>Fichiers sources\Component</Filter>
    </ClCompile>
    <ClCompile Include="src\pbr_rendering_pipeline.cpp">
      <Filter>Fichiers sources\Rendering\Pipeline</Filter>
    </ClCompile>
    <ClCompile Include="src\skydome_renderpass.cpp">
      <Filter>Fichiers sources\Rendering\Renderpass</Filter>
    </ClCompile>
    <ClCompile Include="src\environment_map_renderpass.cpp">
      <Filter>Fichiers sources\Rendering\Renderpass</Filter>
    </ClCompile>
    <ClCompile Include="src\irradiance_map_renderpass.cpp">
      <Filter>Fichiers sources\Rendering\Renderpass</Filter>
    </ClCompile>
    <ClCompile Include="src\prefilter_map_renderpass.cpp">
      <Filter>Fichiers sources\Rendering\Renderpass</Filter>
    </ClCompile>
    <ClCompile Include="src\brdf_renderpass.cpp">
      <Filter>Fichiers sources\Rendering\Renderpass</Filter>
    </ClCompile>
    <ClCompile Include="src\pbr_renderpass.cpp">
      <Filter>Fichiers sources\Rendering\Renderpass</Filter>
    </ClCompile>
    <ClCompile Include="src\mixed_rendering_pipeline.cpp">
      <Filter>Fichiers sources\Rendering\Pipeline</Filter>
    </ClCompile>
    <ClCompile Include="src\audio_listener.cpp">
      <Filter>Fichiers sources\Component</Filter>
    </ClCompile>
    <ClCompile Include="src\audio_emitter.cpp">
      <Filter>Fichiers sources\Component</Filter>
    </ClCompile>
    <ClCompile Include="src\texture_generator.cpp">
      <Filter>Fichiers sources\Rendering\Generator</Filter>
    </ClCompile>
    <ClCompile Include="src\portal_generator.cpp">
      <Filter>Fichiers sources\Rendering\Generator</Filter>
    </ClCompile>
    <ClCompile Include="src\sky_renderer.cpp">
      <Filter>Fichiers sources\Rendering</Filter>
    </ClCompile>
    <ClCompile Include="src\collider_renderpass.cpp">
      <Filter>Fichiers sources\Rendering\Renderpass</Filter>
    </ClCompile>
  </ItemGroup>
  <ItemGroup>
    <CustomBuild Include="interface\ccengine.i">
      <Filter>Fichiers sources\Interface</Filter>
    </CustomBuild>
  </ItemGroup>
</Project>